
Microsoft Visual Studio Solution File, Format Version 12.00
# Visual Studio Version 17
VisualStudioVersion = 17.3.32825.248
MinimumVisualStudioVersion = 10.0.40219.1
Project("{FAE04EC0-301F-11D3-BF4B-00C04F79EFBC}") = "LMS.Web", "LMS.Web\LMS.Web.csproj", "{569F04BC-C91B-4D6B-BB93-94D5954B0ECC}"
EndProject
Project("{FAE04EC0-301F-11D3-BF4B-00C04F79EFBC}") = "LMS.Core", "LMS.Core\LMS.Core.csproj", "{1D322A1E-761E-444E-AD27-35740C3BE1AA}"
EndProject
Project("{FAE04EC0-301F-11D3-BF4B-00C04F79EFBC}") = "LMS.Data", "LMS.Data\LMS.Data.csproj", "{1BAFD1F0-6EDA-4DDF-A848-51E1F08EB31D}"
EndProject
Global
	GlobalSection(SolutionConfigurationPlatforms) = preSolution
		Debug|Any CPU = Debug|Any CPU
		Release|Any CPU = Release|Any CPU
	EndGlobalSection
	GlobalSection(ProjectConfigurationPlatforms) = postSolution
		{569F04BC-C91B-4D6B-BB93-94D5954B0ECC}.Debug|Any CPU.ActiveCfg = Debug|Any CPU
		{569F04BC-C91B-4D6B-BB93-94D5954B0ECC}.Debug|Any CPU.Build.0 = Debug|Any CPU
		{569F04BC-C91B-4D6B-BB93-94D5954B0ECC}.Release|Any CPU.ActiveCfg = Release|Any CPU
		{569F04BC-C91B-4D6B-BB93-94D5954B0ECC}.Release|Any CPU.Build.0 = Release|Any CPU
		{1D322A1E-761E-444E-AD27-35740C3BE1AA}.Debug|Any CPU.ActiveCfg = Debug|Any CPU
		{1D322A1E-761E-444E-AD27-35740C3BE1AA}.Debug|Any CPU.Build.0 = Debug|Any CPU
		{1D322A1E-761E-444E-AD27-35740C3BE1AA}.Release|Any CPU.ActiveCfg = Release|Any CPU
		{1D322A1E-761E-444E-AD27-35740C3BE1AA}.Release|Any CPU.Build.0 = Release|Any CPU
		{1BAFD1F0-6EDA-4DDF-A848-51E1F08EB31D}.Debug|Any CPU.ActiveCfg = Debug|Any CPU
		{1BAFD1F0-6EDA-4DDF-A848-51E1F08EB31D}.Debug|Any CPU.Build.0 = Debug|Any CPU
		{1BAFD1F0-6EDA-4DDF-A848-51E1F08EB31D}.Release|Any CPU.ActiveCfg = Release|Any CPU
		{1BAFD1F0-6EDA-4DDF-A848-51E1F08EB31D}.Release|Any CPU.Build.0 = Release|Any CPU
	EndGlobalSection
	GlobalSection(SolutionProperties) = preSolution
		HideSolutionNode = FALSE
	EndGlobalSection
	GlobalSection(ExtensibilityGlobals) = postSolution
		SolutionGuid = {E81D9879-ED94-4CC6-9A77-FEA8083B4178}
	EndGlobalSection
EndGlobal
